
Microsoft Visual Studio Solution File, Format Version 12.00
# Visual Studio Version 17
VisualStudioVersion = 17.2.32630.192
MinimumVisualStudioVersion = 10.0.40219.1
Project("{FAE04EC0-301F-11D3-BF4B-00C04F79EFBC}") = "TaskAPI", "TaskAPI\TaskAPI.csproj", "{FC5CDEEB-B0BD-40F1-BAB8-270C338900DA}"
EndProject
Global
	GlobalSection(SolutionConfigurationPlatforms) = preSolution
		Debug|Any CPU = Debug|Any CPU
		Release|Any CPU = Release|Any CPU
	EndGlobalSection
	GlobalSection(ProjectConfigurationPlatforms) = postSolution
		{FC5CDEEB-B0BD-40F1-BAB8-270C338900DA}.Debug|Any CPU.ActiveCfg = Debug|Any CPU
		{FC5CDEEB-B0BD-40F1-BAB8-270C338900DA}.Debug|Any CPU.Build.0 = Debug|Any CPU
		{FC5CDEEB-B0BD-40F1-BAB8-270C338900DA}.Release|Any CPU.ActiveCfg = Release|Any CPU
		{FC5CDEEB-B0BD-40F1-BAB8-270C338900DA}.Release|Any CPU.Build.0 = Release|Any CPU
	EndGlobalSection
	GlobalSection(SolutionProperties) = preSolution
		HideSolutionNode = FALSE
	EndGlobalSection
	GlobalSection(ExtensibilityGlobals) = postSolution
		SolutionGuid = {66589BEE-0EE3-40DE-B774-2B2AB7EB3024}
	EndGlobalSection
EndGlobal
